# @generated - this file is auto-generated by `mise lock` https://mise.jdx.dev/dev-tools/mise-lock.html

[[tools.odin]]
version = "dev-2026-04"
backend = "github:odin-lang/Odin"

[tools.odin."platforms.linux-arm64"]
checksum = "sha256:ac3bd75e71ddacc67f34540f20f73c9e7e301d51333d8e040c390abac32f5bac"
url = "https://github.com/odin-lang/Odin/releases/download/dev-2026-04/odin-linux-arm64-dev-2026-04.tar.gz"
url_api = "https://api.github.com/repos/odin-lang/Odin/releases/assets/387767984"

[tools.odin."platforms.linux-arm64-musl"]
checksum = "sha256:ac3bd75e71ddacc67f34540f20f73c9e7e301d51333d8e040c390abac32f5bac"
url = "https://github.com/odin-lang/Odin/releases/download/dev-2026-04/odin-linux-arm64-dev-2026-04.tar.gz"
url_api = "https://api.github.com/repos/odin-lang/Odin/releases/assets/387767984"

[tools.odin."platforms.linux-x64"]
checksum = "sha256:8bfa62d459f505609cd0343746b4116f3e6866eb2d5b4b91bb8365db72f04e47"
url = "https://github.com/odin-lang/Odin/releases/download/dev-2026-04/odin-linux-amd64-dev-2026-04.tar.gz"
url_api = "https://api.github.com/repos/odin-lang/Odin/releases/assets/387768005"

[tools.odin."platforms.linux-x64-musl"]
checksum = "sha256:8bfa62d459f505609cd0343746b4116f3e6866eb2d5b4b91bb8365db72f04e47"
url = "https://github.com/odin-lang/Odin/releases/download/dev-2026-04/odin-linux-amd64-dev-2026-04.tar.gz"
url_api = "https://api.github.com/repos/odin-lang/Odin/releases/assets/387768005"

[tools.odin."platforms.macos-arm64"]
checksum = "sha256:390bdd8ce0c90aebfd2f567fcfff4de4f3c7102e99e558d6832d1e3e7218d885"
url = "https://github.com/odin-lang/Odin/releases/download/dev-2026-04/odin-macos-arm64-dev-2026-04.tar.gz"
url_api = "https://api.github.com/repos/odin-lang/Odin/releases/assets/387767907"

[tools.odin."platforms.macos-x64"]
checksum = "sha256:e8658a7b2e9b9c6fb09915b330981e79e4be76440b6d43520560f9022006456a"
url = "https://github.com/odin-lang/Odin/releases/download/dev-2026-04/odin-macos-amd64-dev-2026-04.tar.gz"
url_api = "https://api.github.com/repos/odin-lang/Odin/releases/assets/387767943"

[tools.odin."platforms.windows-x64"]
checksum = "sha256:a7497ea0dc412ec7202cd7933d17b051edb8f5ac34b9f6af88cf7285e7199b8c"
url = "https://github.com/odin-lang/Odin/releases/download/dev-2026-04/odin-windows-amd64-dev-2026-04.zip"
url_api = "https://api.github.com/repos/odin-lang/Odin/releases/assets/387767811"
